{
  "version": "5",
  "specifiers": {
    "jsr:@std/assert@1": "1.0.19",
    "jsr:@std/fs@1": "1.0.24",
    "jsr:@std/internal@^1.0.12": "1.0.14",
    "jsr:@std/internal@^1.0.14": "1.0.14",
    "jsr:@std/path@1": "1.1.6",
    "jsr:@std/path@^1.1.5": "1.1.6",
    "npm:@aragon/admin-plugin-artifacts@1.2.6": "1.2.6",
    "npm:@aragon/multisig-plugin-artifacts@1.3.6": "1.3.6",
    "npm:@aragon/osx-ethers@1.0.0": "1.0.0",
    "npm:@aragon/osx-ethers@1.2.1": "1.2.1",
    "npm:@aragon/osx-ethers@1.3.0": "1.3.0",
    "npm:@aragon/staged-proposal-processor-plugin-artifacts@1.1.6": "1.1.6",
    "npm:@aragon/token-voting-plugin-artifacts@1.3.5": "1.3.5",
    "npm:viem@2": "2.56.5_zod@4.6.5",
    "npm:zod@4": "4.6.5"
  },
  "jsr": {
    "@std/assert@1.0.19": {
      "integrity": "eaada96ee120cb980bc47e040f82814d786fe8162ecc53c91d8df60b8755991e",
      "dependencies": [
        "jsr:@std/internal@^1.0.12"
      ]
    },
    "@std/fs@1.0.24": {
      "integrity": "f3061b45b81673a2bece689da041df32d174be064c89eb6397fb5718d3fb7877",
      "dependencies": [
        "jsr:@std/internal@^1.0.14",
        "jsr:@std/path@^1.1.5"
      ]
    },
    "@std/internal@1.0.14": {
      "integrity": "291516b3d4c35024d6ffbc0a9df5bf4c64116e05b50012cf846710152d2ffdf7"
    },
    "@std/path@1.1.6": {
      "integrity": "c68485c2a4dfbb5ae3cc74fae4e8c4e5d874cf8a8ed12927917235c758b46cbe",
      "dependencies": [
        "jsr:@std/internal@^1.0.14"
      ]
    }
  },
  "npm": {
    "@adraffy/ens-normalize@1.11.1": {
      "integrity": "sha512-nhCBV3quEgesuf7c7KYfperqSS14T8bYuvJ8PcLJp6znkZpFc0AuW4qBtr8eKVyPPe/8RSr7sglCWPU5eaxwKQ=="
    },
    "@aragon/admin-plugin-artifacts@1.2.6": {
      "integrity": "sha512-DvUOZgDtU2bjk4fFYwaiMfIUvDpqB/YnfsTzOOWK7zD1oy2GTMk2l9bBwxNBkhmnIeLzFNlMtoml/XJbzkhXnQ=="
    },
    "@aragon/multisig-plugin-artifacts@1.3.6": {
      "integrity": "sha512-12gUT6GcZJHh2QOHdcyRfZZgiazjv2+3wz40Pa9PDwExmHyVH/K/Jnwyans/8WS7yp9yQq27M2yCvPgned2IIw=="
    },
    "@aragon/osx-ethers@1.0.0": {
      "integrity": "sha512-OmiyXG1TxvRYCLGThkEa2OHNEumWqZFYU8tzyzDFSskWmi70uTkoqR25ayaz8QaYOtYlVw9drzPFjJSX4RhZ/g==",
      "dependencies": [
        "ethers"
      ],
      "deprecated": true
    },
    "@aragon/osx-ethers@1.2.1": {
      "integrity": "sha512-3Fscq8C9elIktiI6OT7fR5iaAvim+ghU6IUvZF3P/phvWm9roNp/GXAROhA/Vx41NQxeqmfXokgFo6KOWt4drA==",
      "dependencies": [
        "ethers"
      ],
      "deprecated": true
    },
    "@aragon/osx-ethers@1.3.0": {
      "integrity": "sha512-zfLAYdgZ3SSifHiyJLkBKmoDw/IEX/yzvw6liUAa/gz7HZOsrwp3JsBJaIwB2epOnGa6vhXyWTKKZ15aJvoMaA==",
      "dependencies": [
        "ethers"
      ],
      "deprecated": true
    },
    "@aragon/staged-proposal-processor-plugin-artifacts@1.1.6": {
      "integrity": "sha512-Ao7ydh5VhzLbGV9O/knkV6OtqKRII4YZjSZjyURA4SftcKgYhx8wB8djYn2pRNjGnUpvQ5HCxKAedbQhCGi89A=="
    },
    "@aragon/token-voting-plugin-artifacts@1.3.5": {
      "integrity": "sha512-1vxC3Sc28MkDb93we/3pb6/Xxp0Rfu+bLuwNftcNzrsVSLyVz+o11/PIFglgw2PNZPEy7IsllgE72gsesnJj/A=="
    },
    "@ethersproject/abi@5.8.0": {
      "integrity": "sha512-b9YS/43ObplgyV6SlyQsG53/vkSal0MNA1fskSC4mbnCMi8R+NkcH8K9FPYNESf6jUefBUniE4SOKms0E/KK1Q==",
      "dependencies": [
        "@ethersproject/address",
        "@ethersproject/bignumber",
        "@ethersproject/bytes",
        "@ethersproject/constants",
        "@ethersproject/hash",
        "@ethersproject/keccak256",
        "@ethersproject/logger",
        "@ethersproject/properties",
        "@ethersproject/strings"
      ]
    },
    "@ethersproject/abstract-provider@5.8.0": {
      "integrity": "sha512-wC9SFcmh4UK0oKuLJQItoQdzS/qZ51EJegK6EmAWlh+OptpQ/npECOR3QqECd8iGHC0RJb4WKbVdSfif4ammrg==",
      "dependencies": [
        "@ethersproject/bignumber",
        "@ethersproject/bytes",
        "@ethersproject/logger",
        "@ethersproject/networks",
        "@ethersproject/properties",
        "@ethersproject/transactions",
        "@ethersproject/web"
      ]
    },
    "@ethersproject/abstract-signer@5.8.0": {
      "integrity": "sha512-N0XhZTswXcmIZQdYtUnd79VJzvEwXQw6PK0dTl9VoYrEBxxCPXqS0Eod7q5TNKRxe1/5WUMuR0u0nqTF/avdCA==",
      "dependencies": [
        "@ethersproject/abstract-provider",
        "@ethersproject/bignumber",
        "@ethersproject/bytes",
        "@ethersproject/logger",
        "@ethersproject/properties"
      ]
    },
    "@ethersproject/address@5.8.0": {
      "integrity": "sha512-GhH/abcC46LJwshoN+uBNoKVFPxUuZm6dA257z0vZkKmU1+t8xTn8oK7B9qrj8W2rFRMch4gbJl6PmVxjxBEBA==",
      "dependencies": [
        "@ethersproject/bignumber",
        "@ethersproject/bytes",
        "@ethersproject/keccak256",
        "@ethersproject/logger",
        "@ethersproject/rlp"
      ]
    },
    "@ethersproject/base64@5.8.0": {
      "integrity": "sha512-lN0oIwfkYj9LbPx4xEkie6rAMJtySbpOAFXSDVQaBnAzYfB4X2Qr+FXJGxMoc3Bxp2Sm8OwvzMrywxyw0gLjIQ==",
      "dependencies": [
        "@ethersproject/bytes"
      ]
    },
    "@ethersproject/basex@5.8.0": {
      "integrity": "sha512-PIgTszMlDRmNwW9nhS6iqtVfdTAKosA7llYXNmGPw4YAI1PUyMv28988wAb41/gHF/WqGdoLv0erHaRcHRKW2Q==",
      "dependencies": [
        "@ethersproject/bytes",
        "@ethersproject/properties"
      ]
    },
    "@ethersproject/bignumber@5.8.0": {
      "integrity": "sha512-ZyaT24bHaSeJon2tGPKIiHszWjD/54Sz8t57Toch475lCLljC6MgPmxk7Gtzz+ddNN5LuHea9qhAe0x3D+uYPA==",
      "dependencies": [
        "@ethersproject/bytes",
        "@ethersproject/logger",
        "bn.js@5.2.5"
      ]
    },
    "@ethersproject/bytes@5.8.0": {
      "integrity": "sha512-vTkeohgJVCPVHu5c25XWaWQOZ4v+DkGoC42/TS2ond+PARCxTJvgTFUNDZovyQ/uAQ4EcpqqowKydcdmRKjg7A==",
      "dependencies": [
        "@ethersproject/logger"
      ]
    },
    "@ethersproject/constants@5.8.0": {
      "integrity": "sha512-wigX4lrf5Vu+axVTIvNsuL6YrV4O5AXl5ubcURKMEME5TnWBouUh0CDTWxZ2GpnRn1kcCgE7l8O5+VbV9QTTcg==",
      "dependencies": [
        "@ethersproject/bignumber"
      ]
    },
    "@ethersproject/contracts@5.8.0": {
      "integrity": "sha512-0eFjGz9GtuAi6MZwhb4uvUM216F38xiuR0yYCjKJpNfSEy4HUM8hvqqBj9Jmm0IUz8l0xKEhWwLIhPgxNY0yvQ==",
      "dependencies": [
        "@ethersproject/abi",
        "@ethersproject/abstract-provider",
        "@ethersproject/abstract-signer",
        "@ethersproject/address",
        "@ethersproject/bignumber",
        "@ethersproject/bytes",
        "@ethersproject/constants",
        "@ethersproject/logger",
        "@ethersproject/properties",
        "@ethersproject/transactions"
      ]
    },
    "@ethersproject/hash@5.8.0": {
      "integrity": "sha512-ac/lBcTbEWW/VGJij0CNSw/wPcw9bSRgCB0AIBz8CvED/jfvDoV9hsIIiWfvWmFEi8RcXtlNwp2jv6ozWOsooA==",
      "dependencies": [
        "@ethersproject/abstract-signer",
        "@ethersproject/address",
        "@ethersproject/base64",
        "@ethersproject/bignumber",
        "@ethersproject/bytes",
        "@ethersproject/keccak256",
        "@ethersproject/logger",
        "@ethersproject/properties",
        "@ethersproject/strings"
      ]
    },
    "@ethersproject/hdnode@5.8.0": {
      "integrity": "sha512-4bK1VF6E83/3/Im0ERnnUeWOY3P1BZml4ZD3wcH8Ys0/d1h1xaFt6Zc+Dh9zXf9TapGro0T4wvO71UTCp3/uoA==",
      "dependencies": [
        "@ethersproject/abstract-signer",
        "@ethersproject/basex",
        "@ethersproject/bignumber",
        "@ethersproject/bytes",
        "@ethersproject/logger",
        "@ethersproject/pbkdf2",
        "@ethersproject/properties",
        "@ethersproject/sha2",
        "@ethersproject/signing-key",
        "@ethersproject/strings",
        "@ethersproject/transactions",
        "@ethersproject/wordlists"
      ]
    },
    "@ethersproject/json-wallets@5.8.0": {
      "integrity": "sha512-HxblNck8FVUtNxS3VTEYJAcwiKYsBIF77W15HufqlBF9gGfhmYOJtYZp8fSDZtn9y5EaXTE87zDwzxRoTFk11w==",
      "dependencies": [
        "@ethersproject/abstract-signer",
        "@ethersproject/address",
        "@ethersproject/bytes",
        "@ethersproject/hdnode",
        "@ethersproject/keccak256",
        "@ethersproject/logger",
        "@ethersproject/pbkdf2",
        "@ethersproject/properties",
        "@ethersproject/random",
        "@ethersproject/strings",
        "@ethersproject/transactions",
        "aes-js",
        "scrypt-js"
      ]
    },
    "@ethersproject/keccak256@5.8.0": {
      "integrity": "sha512-A1pkKLZSz8pDaQ1ftutZoaN46I6+jvuqugx5KYNeQOPqq+JZ0Txm7dlWesCHB5cndJSu5vP2VKptKf7cksERng==",
      "dependencies": [
        "@ethersproject/bytes",
        "js-sha3"
      ]
    },
    "@ethersproject/logger@5.8.0": {
      "integrity": "sha512-Qe6knGmY+zPPWTC+wQrpitodgBfH7XoceCGL5bJVejmH+yCS3R8jJm8iiWuvWbG76RUmyEG53oqv6GMVWqunjA=="
    },
    "@ethersproject/networks@5.8.0": {
      "integrity": "sha512-egPJh3aPVAzbHwq8DD7Po53J4OUSsA1MjQp8Vf/OZPav5rlmWUaFLiq8cvQiGK0Z5K6LYzm29+VA/p4RL1FzNg==",
      "dependencies": [
        "@ethersproject/logger"
      ]
    },
    "@ethersproject/pbkdf2@5.8.0": {
      "integrity": "sha512-wuHiv97BrzCmfEaPbUFpMjlVg/IDkZThp9Ri88BpjRleg4iePJaj2SW8AIyE8cXn5V1tuAaMj6lzvsGJkGWskg==",
      "dependencies": [
        "@ethersproject/bytes",
        "@ethersproject/sha2"
      ]
    },
    "@ethersproject/properties@5.8.0": {
      "integrity": "sha512-PYuiEoQ+FMaZZNGrStmN7+lWjlsoufGIHdww7454FIaGdbe/p5rnaCXTr5MtBYl3NkeoVhHZuyzChPeGeKIpQw==",
      "dependencies": [
        "@ethersproject/logger"
      ]
    },
    "@ethersproject/providers@5.8.0": {
      "integrity": "sha512-3Il3oTzEx3o6kzcg9ZzbE+oCZYyY+3Zh83sKkn4s1DZfTUjIegHnN2Cm0kbn9YFy45FDVcuCLLONhU7ny0SsCw==",
      "dependencies": [
        "@ethersproject/abstract-provider",
        "@ethersproject/abstract-signer",
        "@ethersproject/address",
        "@ethersproject/base64",
        "@ethersproject/basex",
        "@ethersproject/bignumber",
        "@ethersproject/bytes",
        "@ethersproject/constants",
        "@ethersproject/hash",
        "@ethersproject/logger",
        "@ethersproject/networks",
        "@ethersproject/properties",
        "@ethersproject/random",
        "@ethersproject/rlp",
        "@ethersproject/sha2",
        "@ethersproject/strings",
        "@ethersproject/transactions",
        "@ethersproject/web",
        "bech32",
        "ws@8.18.0"
      ]
    },
    "@ethersproject/random@5.8.0": {
      "integrity": "sha512-E4I5TDl7SVqyg4/kkA/qTfuLWAQGXmSOgYyO01So8hLfwgKvYK5snIlzxJMk72IFdG/7oh8yuSqY2KX7MMwg+A==",
      "dependencies": [
        "@ethersproject/bytes",
        "@ethersproject/logger"
      ]
    },
    "@ethersproject/rlp@5.8.0": {
      "integrity": "sha512-LqZgAznqDbiEunaUvykH2JAoXTT9NV0Atqk8rQN9nx9SEgThA/WMx5DnW8a9FOufo//6FZOCHZ+XiClzgbqV9Q==",
      "dependencies": [
        "@ethersproject/bytes",
        "@ethersproject/logger"
      ]
    },
    "@ethersproject/sha2@5.8.0": {
      "integrity": "sha512-dDOUrXr9wF/YFltgTBYS0tKslPEKr6AekjqDW2dbn1L1xmjGR+9GiKu4ajxovnrDbwxAKdHjW8jNcwfz8PAz4A==",
      "dependencies": [
        "@ethersproject/bytes",
        "@ethersproject/logger",
        "hash.js"
      ]
    },
    "@ethersproject/signing-key@5.8.0": {
      "integrity": "sha512-LrPW2ZxoigFi6U6aVkFN/fa9Yx/+4AtIUe4/HACTvKJdhm0eeb107EVCIQcrLZkxaSIgc/eCrX8Q1GtbH+9n3w==",
      "dependencies": [
        "@ethersproject/bytes",
        "@ethersproject/logger",
        "@ethersproject/properties",
        "bn.js@5.2.5",
        "elliptic",
        "hash.js"
      ]
    },
    "@ethersproject/solidity@5.8.0": {
      "integrity": "sha512-4CxFeCgmIWamOHwYN9d+QWGxye9qQLilpgTU0XhYs1OahkclF+ewO+3V1U0mvpiuQxm5EHHmv8f7ClVII8EHsA==",
      "dependencies": [
        "@ethersproject/bignumber",
        "@ethersproject/bytes",
        "@ethersproject/keccak256",
        "@ethersproject/logger",
        "@ethersproject/sha2",
        "@ethersproject/strings"
      ]
    },
    "@ethersproject/strings@5.8.0": {
      "integrity": "sha512-qWEAk0MAvl0LszjdfnZ2uC8xbR2wdv4cDabyHiBh3Cldq/T8dPH3V4BbBsAYJUeonwD+8afVXld274Ls+Y1xXg==",
      "dependencies": [
        "@ethersproject/bytes",
        "@ethersproject/constants",
        "@ethersproject/logger"
      ]
    },
    "@ethersproject/transactions@5.8.0": {
      "integrity": "sha512-UglxSDjByHG0TuU17bDfCemZ3AnKO2vYrL5/2n2oXvKzvb7Cz+W9gOWXKARjp2URVwcWlQlPOEQyAviKwT4AHg==",
      "dependencies": [
        "@ethersproject/address",
        "@ethersproject/bignumber",
        "@ethersproject/bytes",
        "@ethersproject/constants",
        "@ethersproject/keccak256",
        "@ethersproject/logger",
        "@ethersproject/properties",
        "@ethersproject/rlp",
        "@ethersproject/signing-key"
      ]
    },
    "@ethersproject/units@5.8.0": {
      "integrity": "sha512-lxq0CAnc5kMGIiWW4Mr041VT8IhNM+Pn5T3haO74XZWFulk7wH1Gv64HqE96hT4a7iiNMdOCFEBgaxWuk8ETKQ==",
      "dependencies": [
        "@ethersproject/bignumber",
        "@ethersproject/constants",
        "@ethersproject/logger"
      ]
    },
    "@ethersproject/wallet@5.8.0": {
      "integrity": "sha512-G+jnzmgg6UxurVKRKvw27h0kvG75YKXZKdlLYmAHeF32TGUzHkOFd7Zn6QHOTYRFWnfjtSSFjBowKo7vfrXzPA==",
      "dependencies": [
        "@ethersproject/abstract-provider",
        "@ethersproject/abstract-signer",
        "@ethersproject/address",
        "@ethersproject/bignumber",
        "@ethersproject/bytes",
        "@ethersproject/hash",
        "@ethersproject/hdnode",
        "@ethersproject/json-wallets",
        "@ethersproject/keccak256",
        "@ethersproject/logger",
        "@ethersproject/properties",
        "@ethersproject/random",
        "@ethersproject/signing-key",
        "@ethersproject/transactions",
        "@ethersproject/wordlists"
      ]
    },
    "@ethersproject/web@5.8.0": {
      "integrity": "sha512-j7+Ksi/9KfGviws6Qtf9Q7KCqRhpwrYKQPs+JBA/rKVFF/yaWLHJEH3zfVP2plVu+eys0d2DlFmhoQJayFewcw==",
      "dependencies": [
        "@ethersproject/base64",
        "@ethersproject/bytes",
        "@ethersproject/logger",
        "@ethersproject/properties",
        "@ethersproject/strings"
      ]
    },
    "@ethersproject/wordlists@5.8.0": {
      "integrity": "sha512-2df9bbXicZws2Sb5S6ET493uJ0Z84Fjr3pC4tu/qlnZERibZCeUVuqdtt+7Tv9xxhUxHoIekIA7avrKUWHrezg==",
      "dependencies": [
        "@ethersproject/bytes",
        "@ethersproject/hash",
        "@ethersproject/logger",
        "@ethersproject/properties",
        "@ethersproject/strings"
      ]
    },
    "@noble/ciphers@1.3.0": {
      "integrity": "sha512-2I0gnIVPtfnMw9ee9h1dJG7tp81+8Ob3OJb3Mv37rx5L40/b0i7djjCVvGOVqc9AEIQyvyu1i6ypKdFw8R8gQw=="
    },
    "@noble/curves@1.9.1": {
      "integrity": "sha512-k11yZxZg+t+gWvBbIswW0yoJlu8cHOC7dhunwOzoWH/mXGBiYyR4YY6hAEK/3EUs4UpB8la1RfdRpeGsFHkWsA==",
      "dependencies": [
        "@noble/hashes"
      ]
    },
    "@noble/hashes@1.8.0": {
      "integrity": "sha512-jCs9ldd7NwzpgXDIf6P3+NrHh9/sD6CQdxHyjQI+h/6rDNo88ypBxxz45UDuZHz9r3tNz7N/VInSVoVdtXEI4A=="
    },
    "@scure/base@1.2.6": {
      "integrity": "sha512-g/nm5FgUa//MCj1gV09zTJTaM6KBAHqLN907YVQqf7zC49+DcO4B1so4ZX07Ef10Twr6nuqYEH9GEggFXA4Fmg=="
    },
    "@scure/bip32@1.7.0": {
      "integrity": "sha512-E4FFX/N3f4B80AKWp5dP6ow+flD1LQZo/w8UnLGYZO674jS6YnYeepycOOksv+vLPSpgN35wgKgy+ybfTb2SMw==",
      "dependencies": [
        "@noble/curves",
        "@noble/hashes",
        "@scure/base"
      ]
    },
    "@scure/bip39@1.6.0": {
      "integrity": "sha512-+lF0BbLiJNwVlev4eKelw1WWLaiKXw7sSl8T6FvBlWkdX+94aGJ4o8XjUdlyhTCjd8c+B3KT3JfS8P0bLRNU6A==",
      "dependencies": [
        "@noble/hashes",
        "@scure/base"
      ]
    },
    "abitype@1.2.3_zod@4.6.5": {
      "integrity": "sha512-Ofer5QUnuUdTFsBRwARMoWKOH1ND5ehwYhJ3OJ/BQO+StkwQjHw0XyVh4vDttzHB7QOFhPHa/o413PJ82gU/Tg==",
      "dependencies": [
        "zod"
      ],
      "optionalPeers": [
        "zod"
      ]
    },
    "aes-js@3.0.0": {
      "integrity": "sha512-H7wUZRn8WpTq9jocdxQ2c8x2sKo9ZVmzfRE13GiNJXfp7NcKYEdvl3vspKjXox6RIG2VtaRe4JFvxG4rqp2Zuw=="
    },
    "bech32@1.1.4": {
      "integrity": "sha512-s0IrSOzLlbvX7yp4WBfPITzpAU8sqQcpsmwXDiKwrG4r491vwCO/XpejasRNl0piBMe/DvP4Tz0mIS/X1DPJBQ=="
    },
    "bn.js@4.12.5": {
      "integrity": "sha512-3aRg6/JxfffFD+OlOjOFR3Vo79l39ooBTFucxx+MT3dhCtzn3EmiUPQo+6/OZuI2jbXi3YKgmiTFBgChQMwIRQ=="
    },
    "bn.js@5.2.5": {
      "integrity": "sha512-Vq886eXykuP5E6HcKSSStP3bJgrE6In5WKxVUvJ8XGpWWYs2xZHWqUwzCtGgEtBcxyd57KBFDPFoUfNzdaHCNg=="
    },
    "brorand@1.1.0": {
      "integrity": "sha512-cKV8tMCEpQs4hK/ik71d6LrPOnpkpGBR0wzxqr68g2m/LB2GxVYQroAjMJZRVM1Y4BCjCKc3vAamxSzOY2RP+w=="
    },
    "elliptic@6.6.1": {
      "integrity": "sha512-RaddvvMatK2LJHqFJ+YA4WysVN5Ita9E35botqIYspQ4TkRAlCicdzKOjlyv/1Za5RyTNn7di//eEV0uTAfe3g==",
      "dependencies": [
        "bn.js@4.12.5",
        "brorand",
        "hash.js",
        "hmac-drbg",
        "inherits",
        "minimalistic-assert",
        "minimalistic-crypto-utils"
      ]
    },
    "ethers@5.8.0": {
      "integrity": "sha512-DUq+7fHrCg1aPDFCHx6UIPb3nmt2XMpM7Y/g2gLhsl3lIBqeAfOJIl1qEvRf2uq3BiKxmh6Fh5pfp2ieyek7Kg==",
      "dependencies": [
        "@ethersproject/abi",
        "@ethersproject/abstract-provider",
        "@ethersproject/abstract-signer",
        "@ethersproject/address",
        "@ethersproject/base64",
        "@ethersproject/basex",
        "@ethersproject/bignumber",
        "@ethersproject/bytes",
        "@ethersproject/constants",
        "@ethersproject/contracts",
        "@ethersproject/hash",
        "@ethersproject/hdnode",
        "@ethersproject/json-wallets",
        "@ethersproject/keccak256",
        "@ethersproject/logger",
        "@ethersproject/networks",
        "@ethersproject/pbkdf2",
        "@ethersproject/properties",
        "@ethersproject/providers",
        "@ethersproject/random",
        "@ethersproject/rlp",
        "@ethersproject/sha2",
        "@ethersproject/signing-key",
        "@ethersproject/solidity",
        "@ethersproject/strings",
        "@ethersproject/transactions",
        "@ethersproject/units",
        "@ethersproject/wallet",
        "@ethersproject/web",
        "@ethersproject/wordlists"
      ]
    },
    "eventemitter3@5.0.1": {
      "integrity": "sha512-GWkBvjiSZK87ELrYOSESUYeVIc9mvLLf/nXalMOS5dYrgZq9o5OVkbZAVM06CVxYsCwH9BDZFPlQTlPA1j4ahA=="
    },
    "hash.js@1.1.7": {
      "integrity": "sha512-taOaskGt4z4SOANNseOviYDvjEJinIkRgmp7LbKP2YTTmVxWBl87s/uzK9r+44BclBSp2X7K1hqeNfz9JbBeXA==",
      "dependencies": [
        "inherits",
        "minimalistic-assert"
      ]
    },
    "hmac-drbg@1.0.1": {
      "integrity": "sha512-Tti3gMqLdZfhOQY1Mzf/AanLiqh1WTiJgEj26ZuYQ9fbkLomzGchCws4FyrSd4VkpBfiNhaE1On+lOz894jvXg==",
      "dependencies": [
        "hash.js",
        "minimalistic-assert",
        "minimalistic-crypto-utils"
      ]
    },
    "inherits@2.0.4": {
      "integrity": "sha512-k/vGaX4/Yla3WzyMCvTQOXYeIHvqOKtnqBduzTHpzpQZzAskKMhZ2K+EnBiSM9zGSoIFeMpXKxa4dYeZIQqewQ=="
    },
    "isows@1.0.7_ws@8.21.0": {
      "integrity": "sha512-I1fSfDCZL5P0v33sVqeTDSpcstAg/N+wF5HS033mogOVIp4B+oHC7oOCsA3axAbBSGTJ8QubbNmnIRN/h8U7hg==",
      "dependencies": [
        "ws@8.21.0"
      ]
    },
    "js-sha3@0.8.0": {
      "integrity": "sha512-gF1cRrHhIzNfToc802P800N8PpXS+evLLXfsVpowqmAFR9uwbi89WvXg2QspOmXL8QL86J4T1EpFu+yUkwJY3Q=="
    },
    "minimalistic-assert@1.0.1": {
      "integrity": "sha512-UtJcAD4yEaGtjPezWuO9wC4nwUnVH/8/Im3yEHQP4b67cXlD/Qr9hdITCU1xDbSEXg2XKNaP8jsReV7vQd00/A=="
    },
    "minimalistic-crypto-utils@1.0.1": {
      "integrity": "sha512-JIYlbt6g8i5jKfJ3xz7rF0LXmv2TkDxBLUkiBeZ7bAx4GnnNMr8xFpGnOxn6GhTEHx3SjRrZEoU+j04prX1ktg=="
    },
    "ox@0.14.44_zod@4.6.5": {
      "integrity": "sha512-O54qXXHEk4ySamMSyBpI0AeBegS5frxU6+LA6Jb9Sf6kMOxcTNaxYmwZfpOu22DIQsdKfgQxHq8EsAGaoBQScA==",
      "dependencies": [
        "@adraffy/ens-normalize",
        "@noble/ciphers",
        "@noble/curves",
        "@noble/hashes",
        "@scure/bip32",
        "@scure/bip39",
        "abitype",
        "eventemitter3"
      ]
    },
    "scrypt-js@3.0.1": {
      "integrity": "sha512-cdwTTnqPu0Hyvf5in5asVdZocVDTNRmR7XEcJuIzMjJeSHybHl7vpB66AzwTaIg6CLSbtjcxc8fqcySfnTkccA=="
    },
    "viem@2.56.5_zod@4.6.5": {
      "integrity": "sha512-GuEf/oee0PHgy4D6JIA8u0rY1g+sM5nF+p7HyMHO3vjlHC5G/ljfrgnUOnrES9m5Ny/P3RwWCHjDuN2T6HUWzQ==",
      "dependencies": [
        "@noble/curves",
        "@noble/hashes",
        "@scure/bip32",
        "@scure/bip39",
        "abitype",
        "isows",
        "ox",
        "ws@8.21.0"
      ]
    },
    "ws@8.18.0": {
      "integrity": "sha512-8VbfWfHLbbwu3+N6OKsOMpBdT4kXPDDB9cJk2bJ6mh9ucxdlnNvH1e+roYkKmN9Nxw2yjz7VzeO9oOz2zJ04Pw=="
    },
    "ws@8.21.0": {
      "integrity": "sha512-Vsp28b7DRcimFQvrqu2Wek3z1iYxDCWqHYB8Qsnk/S4RfaCQzPGPyBNuVjJV3cd6UiKtUtp6sNM77gWvzcCH+g=="
    },
    "zod@4.6.5": {
      "integrity": "sha512-v5l/aFXZQeai4awLbOpSoHecE9UiMrnfx75tEXLjNonXVARxQ5mOeipTjROUchszUNCqnE+hqAMujRsRHsut2Q=="
    }
  },
  "workspace": {
    "dependencies": [
      "jsr:@std/assert@1",
      "jsr:@std/fs@1",
      "jsr:@std/path@1",
      "npm:viem@2",
      "npm:zod@4"
    ]
  }
}
